// !$*UTF8*$!
{
	archiveVersion = 1;
	classes = {
	};
	objectVersion = 46;
	objects = {

/* Begin PBXBuildFile section */
		28D4FCB21C0BDF1A00C3AABA /* AppDelegate.swift in Sources */ = {isa = PBXBuildFile; fileRef = 28D4FCB11C0BDF1A00C3AABA /* AppDelegate.swift */; };
		28D4FCB41C0BDF1A00C3AABA /* ViewController.swift in Sources */ = {isa = PBXBuildFile; fileRef = 28D4FCB31C0BDF1A00C3AABA /* ViewController.swift */; };
		28D4FCB71C0BDF1A00C3AABA /* Main.storyboard in Resources */ = {isa = PBXBuildFile; fileRef = 28D4FCB51C0BDF1A00C3AABA /* Main.storyboard */; };
		28D4FCB91C0BDF1A00C3AABA /* Assets.xcassets in Resources */ = {isa = PBXBuildFile; fileRef = 28D4FCB81C0BDF1A00C3AABA /* Assets.xcassets */; };
		28D4FCBC1C0BDF1A00C3AABA /* LaunchScreen.storyboard in Resources */ = {isa = PBXBuildFile; fileRef = 28D4FCBA1C0BDF1A00C3AABA /* LaunchScreen.storyboard */; };
/* End PBXBuildFile section */

/* Begin PBXFileReference section */
		28D4FCAE1C0BDF1A00C3AABA /* AppLibros2.app */ = {isa = PBXFileReference; explicitFileType = wrapper.application; includeInIndex = 0; path = AppLibros2.app; sourceTree = BUILT_PRODUCTS_DIR; };
		28D4FCB11C0BDF1A00C3AABA /* AppDelegate.swift */ = {isa = PBXFileReference; lastKnownFileType = sourcecode.swift; path = AppDelegate.swift; sourceTree = "<group>"; };
		28D4FCB31C0BDF1A00C3AABA /* ViewController.swift */ = {isa = PBXFileReference; lastKnownFileType = sourcecode.swift; path = ViewController.swift; sourceTree = "<group>"; };
		28D4FCB61C0BDF1A00C3AABA /* Base */ = {isa = PBXFileReference; lastKnownFileType = file.storyboard; name = Base; path = Base.lproj/Main.storyboard; sourceTree = "<group>"; };
		28D4FCB81C0BDF1A00C3AABA /* Assets.xcassets */ = {isa = PBXFileReference; lastKnownFileType = folder.assetcatalog; path = Assets.xcassets; sourceTree = "<group>"; };
		28D4FCBB1C0BDF1A00C3AABA /* Base */ = {isa = PBXFileReference; lastKnownFileType = file.storyboard; name = Base; path = Base.lproj/LaunchScreen.storyboard; sourceTree = "<group>"; };
		28D4FCBD1C0BDF1A00C3AABA /* Info.plist */ = {isa = PBXFileReference; lastKnownFileType = text.plist.xml; path = Info.plist; sourceTree = "<group>"; };
/* End PBXFileReference section */

/* Begin PBXFrameworksBuildPhase section */
		28D4FCAB1C0BDF1A00C3AABA /* Frameworks */ = {
			isa = PBXFrameworksBuildPhase;
			buildActionMask = 2147483647;
			files = (
			);
			runOnlyForDeploymentPostprocessing = 0;
		};
/* End PBXFrameworksBuildPhase section */

/* Begin PBXGroup section */
		28D4FCA51C0BDF1A00C3AABA = {
			isa = PBXGroup;
			children = (
				28D4FCB01C0BDF1A00C3AABA /* AppLibros2 */,
				28D4FCAF1C0BDF1A00C3AABA /* Products */,
			);
			sourceTree = "<group>";
		};
		28D4FCAF1C0BDF1A00C3AABA /* Products */ = {
			isa = PBXGroup;
			children = (
				28D4FCAE1C0BDF1A00C3AABA /* AppLibros2.app */,
			);
			name = Products;
			sourceTree = "<group>";
		};
		28D4FCB01C0BDF1A00C3AABA /* AppLibros2 */ = {
			isa = PBXGroup;
			children = (
				28D4FCB11C0BDF1A00C3AABA /* AppDelegate.swift */,
				28D4FCB31C0BDF1A00C3AABA /* ViewController.swift */,
				28D4FCB51C0BDF1A00C3AABA /* Main.storyboard */,
				28D4FCB81C0BDF1A00C3AABA /* Assets.xcassets */,
				28D4FCBA1C0BDF1A00C3AABA /* LaunchScreen.storyboard */,
				28D4FCBD1C0BDF1A00C3AABA /* Info.plist */,
			);
			path = AppLibros2;
			sourceTree = "<group>";
		};
/* End PBXGroup section */

/* Begin PBXNativeTarget section */
		28D4FCAD1C0BDF1A00C3AABA /* AppLibros2 */ = {
			isa = PBXNativeTarget;
			buildConfigurationList = 28D4FCC01C0BDF1A00C3AABA /* Build configuration list for PBXNativeTarget "AppLibros2" */;
			buildPhases = (
				28D4FCAA1C0BDF1A00C3AABA /* Sources */,
				28D4FCAB1C0BDF1A00C3AABA /* Frameworks */,
				28D4FCAC1C0BDF1A00C3AABA /* Resources */,
			);
			buildRules = (
			);
			dependencies = (
			);
			name = AppLibros2;
			productName = AppLibros2;
			productReference = 28D4FCAE1C0BDF1A00C3AABA /* AppLibros2.app */;
			productType = "com.apple.product-type.application";
		};
/* End PBXNativeTarget section */

/* Begin PBXProject section */
		28D4FCA61C0BDF1A00C3AABA /* Project object */ = {
			isa = PBXProject;
			attributes = {
				LastSwiftUpdateCheck = 0710;
				LastUpgradeCheck = 0710;
				ORGANIZATIONNAME = "Arturo Barreto Villafán";
				TargetAttributes = {
					28D4FCAD1C0BDF1A00C3AABA = {
						CreatedOnToolsVersion = 7.1;
						DevelopmentTeam = C7M5QPK9S2;
					};
				};
			};
			buildConfigurationList = 28D4FCA91C0BDF1A00C3AABA /* Build configuration list for PBXProject "AppLibros2" */;
			compatibilityVersion = "Xcode 3.2";
			developmentRegion = English;
			hasScannedForEncodings = 0;
			knownRegions = (
				en,
				Base,
			);
			mainGroup = 28D4FCA51C0BDF1A00C3AABA;
			productRefGroup = 28D4FCAF1C0BDF1A00C3AABA /* Products */;
			projectDirPath = "";
			projectRoot = "";
			targets = (
				28D4FCAD1C0BDF1A00C3AABA /* AppLibros2 */,
			);
		};
/* End PBXProject section */

/* Begin PBXResourcesBuildPhase section */
		28D4FCAC1C0BDF1A00C3AABA /* Resources */ = {
			isa = PBXResourcesBuildPhase;
			buildActionMask = 2147483647;
			files = (
				28D4FCBC1C0BDF1A00C3AABA /* LaunchScreen.storyboard in Resources */,
				28D4FCB91C0BDF1A00C3AABA /* Assets.xcassets in Resources */,
				28D4FCB71C0BDF1A00C3AABA /* Main.storyboard in Resources */,
			);
			runOnlyForDeploymentPostprocessing = 0;
		};
/* End PBXResourcesBuildPhase section */

/* Begin PBXSourcesBuildPhase section */
		28D4FCAA1C0BDF1A00C3AABA /* Sources */ = {
			isa = PBXSourcesBuildPhase;
			buildActionMask = 2147483647;
			files = (
				28D4FCB41C0BDF1A00C3AABA /* ViewController.swift in Sources */,
				28D4FCB21C0BDF1A00C3AABA /* AppDelegate.swift in Sources */,
			);
			runOnlyForDeploymentPostprocessing = 0;
		};
/* End PBXSourcesBuildPhase section */

/* Begin PBXVariantGroup section */
		28D4FCB51C0BDF1A00C3AABA /* Main.storyboard */ = {
			isa = PBXVariantGroup;
			children = (
				28D4FCB61C0BDF1A00C3AABA /* Base */,
			);
			name = Main.storyboard;
			sourceTree = "<group>";
		};
		28D4FCBA1C0BDF1A00C3AABA /* LaunchScreen.storyboard */ = {
			isa = PBXVariantGroup;
			children = (
				28D4FCBB1C0BDF1A00C3AABA /* Base */,
			);
			name = LaunchScreen.storyboard;
			sourceTree = "<group>";
		};
/* End PBXVariantGroup section */

/* Begin XCBuildConfiguration section */
		28D4FCBE1C0BDF1A00C3AABA /* Debug */ = {
			isa = XCBuildConfiguration;
			buildSettings = {
				ALWAYS_SEARCH_USER_PATHS = NO;
				CLANG_CXX_LANGUAGE_STANDARD = "gnu++0x";
				CLANG_CXX_LIBRARY = "libc++";
				CLANG_ENABLE_MODULES = YES;
				CLANG_ENABLE_OBJC_ARC = YES;
				CLANG_WARN_BOOL_CONVERSION = YES;
				CLANG_WARN_CONSTANT_CONVERSION = YES;
				CLANG_WARN_DIRECT_OBJC_ISA_USAGE = YES_ERROR;
				CLANG_WARN_EMPTY_BODY = YES;
				CLANG_WARN_ENUM_CONVERSION = YES;
				CLANG_WARN_INT_CONVERSION = YES;
				CLANG_WARN_OBJC_ROOT_CLASS = YES_ERROR;
				CLANG_WARN_UNREACHABLE_CODE = YES;
				CLANG_WARN__DUPLICATE_METHOD_MATCH = YES;
				"CODE_SIGN_IDENTITY[sdk=iphoneos*]" = "iPhone Developer";
				COPY_PHASE_STRIP = NO;
				DEBUG_INFORMATION_FORMAT = dwarf;
				ENABLE_STRICT_OBJC_MSGSEND = YES;
				ENABLE_TESTABILITY = YES;
				GCC_C_LANGUAGE_STANDARD = gnu99;
				GCC_DYNAMIC_NO_PIC = NO;
				GCC_NO_COMMON_BLOCKS = YES;
				GCC_OPTIMIZATION_LEVEL = 0;
				GCC_PREPROCESSOR_DEFINITIONS = (
					"DEBUG=1",
					"$(inherited)",
				);
				GCC_WARN_64_TO_32_BIT_CONVERSION = YES;
				GCC_WARN_ABOUT_RETURN_TYPE = YES_ERROR;
				GCC_WARN_UNDECLARED_SELECTOR = YES;
				GCC_WARN_UNINITIALIZED_AUTOS = YES_AGGRESSIVE;
				GCC_WARN_UNUSED_FUNCTION = YES;
				GCC_WARN_UNUSED_VARIABLE = YES;
				IPHONEOS_DEPLOYMENT_TARGET = 9.1;
				MTL_ENABLE_DEBUG_INFO = YES;
				ONLY_ACTIVE_ARCH = YES;
				SDKROOT = iphoneos;
				SWIFT_OPTIMIZATION_LEVEL = "-Onone";
			};
			name = Debug;
		};
		28D4FCBF1C0BDF1A00C3AABA /* Release */ = {
			isa = XCBuildConfiguration;
			buildSettings = {
				ALWAYS_SEARCH_USER_PATHS = NO;
				CLANG_CXX_LANGUAGE_STANDARD = "gnu++0x";
				CLANG_CXX_LIBRARY = "libc++";
				CLANG_ENABLE_MODULES = YES;
				CLANG_ENABLE_OBJC_ARC = YES;
				CLANG_WARN_BOOL_CONVERSION = YES;
				CLANG_WARN_CONSTANT_CONVERSION = YES;
				CLANG_WARN_DIRECT_OBJC_ISA_USAGE = YES_ERROR;
				CLANG_WARN_EMPTY_BODY = YES;
				CLANG_WARN_ENUM_CONVERSION = YES;
				CLANG_WARN_INT_CONVERSION = YES;
				CLANG_WARN_OBJC_ROOT_CLASS = YES_ERROR;
				CLANG_WARN_UNREACHABLE_CODE = YES;
				CLANG_WARN__DUPLICATE_METHOD_MATCH = YES;
				"CODE_SIGN_IDENTITY[sdk=iphoneos*]" = "iPhone Developer";
				COPY_PHASE_STRIP = NO;
				DEBUG_INFORMATION_FORMAT = "dwarf-with-dsym";
				ENABLE_NS_ASSERTIONS = NO;
				ENABLE_STRICT_OBJC_MSGSEND = YES;
				GCC_C_LANGUAGE_STANDARD = gnu99;
				GCC_NO_COMMON_BLOCKS = YES;
				GCC_WARN_64_TO_32_BIT_CONVERSION = YES;
				GCC_WARN_ABOUT_RETURN_TYPE = YES_ERROR;
				GCC_WARN_UNDECLARED_SELECTOR = YES;
				GCC_WARN_UNINITIALIZED_AUTOS = YES_AGGRESSIVE;
				GCC_WARN_UNUSED_FUNCTION = YES;
				GCC_WARN_UNUSED_VARIABLE = YES;
				IPHONEOS_DEPLOYMENT_TARGET = 9.1;
				MTL_ENABLE_DEBUG_INFO = NO;
				SDKROOT = iphoneos;
				VALIDATE_PRODUCT = YES;
			};
			name = Release;
		};
		28D4FCC11C0BDF1A00C3AABA /* Debug */ = {
			isa = XCBuildConfiguration;
			buildSettings = {
				ASSETCATALOG_COMPILER_APPICON_NAME = AppIcon;
				CODE_SIGN_IDENTITY = "iPhone Developer";
				"CODE_SIGN_IDENTITY[sdk=iphoneos*]" = "iPhone Developer";
				INFOPLIST_FILE = AppLibros2/Info.plist;
				LD_RUNPATH_SEARCH_PATHS = "$(inherited) @executable_path/Frameworks";
				PRODUCT_BUNDLE_IDENTIFIER = com.Barreto.AppLibros2;
				PRODUCT_NAME = "$(TARGET_NAME)";
				PROVISIONING_PROFILE = "";
			};
			name = Debug;
		};
		28D4FCC21C0BDF1A00C3AABA /* Release */ = {
			isa = XCBuildConfiguration;
			buildSettings = {
				ASSETCATALOG_COMPILER_APPICON_NAME = AppIcon;
				CODE_SIGN_IDENTITY = "iPhone Developer";
				"CODE_SIGN_IDENTITY[sdk=iphoneos*]" = "iPhone Developer";
				INFOPLIST_FILE = AppLibros2/Info.plist;
				LD_RUNPATH_SEARCH_PATHS = "$(inherited) @executable_path/Frameworks";
				PRODUCT_BUNDLE_IDENTIFIER = com.Barreto.AppLibros2;
				PRODUCT_NAME = "$(TARGET_NAME)";
				PROVISIONING_PROFILE = "";
			};
			name = Release;
		};
/* End XCBuildConfiguration section */

/* Begin XCConfigurationList section */
		28D4FCA91C0BDF1A00C3AABA /* Build configuration list for PBXProject "AppLibros2" */ = {
			isa = XCConfigurationList;
			buildConfigurations = (
				28D4FCBE1C0BDF1A00C3AABA /* Debug */,
				28D4FCBF1C0BDF1A00C3AABA /* Release */,
			);
			defaultConfigurationIsVisible = 0;
			defaultConfigurationName = Release;
		};
		28D4FCC01C0BDF1A00C3AABA /* Build configuration list for PBXNativeTarget "AppLibros2" */ = {
			isa = XCConfigurationList;
			buildConfigurations = (
				28D4FCC11C0BDF1A00C3AABA /* Debug */,
				28D4FCC21C0BDF1A00C3AABA /* Release */,
			);
			defaultConfigurationIsVisible = 0;
			defaultConfigurationName = Release;
		};
/* End XCConfigurationList section */
	};
	rootObject = 28D4FCA61C0BDF1A00C3AABA /* Project object */;
}
